
Microsoft Visual Studio Solution File, Format Version 12.00
# Visual Studio 15
VisualStudioVersion = 15.0.28307.1022
MinimumVisualStudioVersion = 10.0.40219.1
Project("{FAE04EC0-301F-11D3-BF4B-00C04F79EFBC}") = "DAN_XLV_Milica_Karetic", "DAN_XLV_Milica_Karetic\DAN_XLV_Milica_Karetic.csproj", "{89E1E05A-1261-4262-A218-9D8DCE45D8A0}"
EndProject
Global
	GlobalSection(SolutionConfigurationPlatforms) = preSolution
		Debug|Any CPU = Debug|Any CPU
		Release|Any CPU = Release|Any CPU
	EndGlobalSection
	GlobalSection(ProjectConfigurationPlatforms) = postSolution
		{89E1E05A-1261-4262-A218-9D8DCE45D8A0}.Debug|Any CPU.ActiveCfg = Debug|Any CPU
		{89E1E05A-1261-4262-A218-9D8DCE45D8A0}.Debug|Any CPU.Build.0 = Debug|Any CPU
		{89E1E05A-1261-4262-A218-9D8DCE45D8A0}.Release|Any CPU.ActiveCfg = Release|Any CPU
		{89E1E05A-1261-4262-A218-9D8DCE45D8A0}.Release|Any CPU.Build.0 = Release|Any CPU
	EndGlobalSection
	GlobalSection(SolutionProperties) = preSolution
		HideSolutionNode = FALSE
	EndGlobalSection
	GlobalSection(ExtensibilityGlobals) = postSolution
		SolutionGuid = {0CC49D02-3FE2-439D-A786-32304E46E348}
	EndGlobalSection
EndGlobal
